
Microsoft Visual Studio Solution File, Format Version 12.00
# Visual Studio 15
VisualStudioVersion = 15.0.28010.2046
MinimumVisualStudioVersion = 10.0.40219.1
Project("{FAE04EC0-301F-11D3-BF4B-00C04F79EFBC}") = "PartyMaker", "PartyMaker\PartyMaker.csproj", "{0F5D3F43-AFF3-4587-B086-45C739E34E32}"
EndProject
Global
	GlobalSection(SolutionConfigurationPlatforms) = preSolution
		Debug|Any CPU = Debug|Any CPU
		Release|Any CPU = Release|Any CPU
	EndGlobalSection
	GlobalSection(ProjectConfigurationPlatforms) = postSolution
		{0F5D3F43-AFF3-4587-B086-45C739E34E32}.Debug|Any CPU.ActiveCfg = Debug|Any CPU
		{0F5D3F43-AFF3-4587-B086-45C739E34E32}.Debug|Any CPU.Build.0 = Debug|Any CPU
		{0F5D3F43-AFF3-4587-B086-45C739E34E32}.Release|Any CPU.ActiveCfg = Release|Any CPU
		{0F5D3F43-AFF3-4587-B086-45C739E34E32}.Release|Any CPU.Build.0 = Release|Any CPU
	EndGlobalSection
	GlobalSection(SolutionProperties) = preSolution
		HideSolutionNode = FALSE
	EndGlobalSection
	GlobalSection(ExtensibilityGlobals) = postSolution
		SolutionGuid = {99C29892-6EE9-4BB0-AF18-BD41AC1933D8}
	EndGlobalSection
EndGlobal
